
Microsoft Visual Studio Solution File, Format Version 12.00
# Visual Studio Version 16
VisualStudioVersion = 16.0.31410.357
MinimumVisualStudioVersion = 10.0.40219.1
Project("{FAE04EC0-301F-11D3-BF4B-00C04F79EFBC}") = "Trabalho-DM106", "Trabalho-DM106.csproj", "{B287BD65-D235-44C1-A256-6543223E46B5}"
EndProject
Global
	GlobalSection(SolutionConfigurationPlatforms) = preSolution
		Debug|Any CPU = Debug|Any CPU
		Release|Any CPU = Release|Any CPU
	EndGlobalSection
	GlobalSection(ProjectConfigurationPlatforms) = postSolution
		{B287BD65-D235-44C1-A256-6543223E46B5}.Debug|Any CPU.ActiveCfg = Debug|Any CPU
		{B287BD65-D235-44C1-A256-6543223E46B5}.Debug|Any CPU.Build.0 = Debug|Any CPU
		{B287BD65-D235-44C1-A256-6543223E46B5}.Release|Any CPU.ActiveCfg = Release|Any CPU
		{B287BD65-D235-44C1-A256-6543223E46B5}.Release|Any CPU.Build.0 = Release|Any CPU
	EndGlobalSection
	GlobalSection(SolutionProperties) = preSolution
		HideSolutionNode = FALSE
	EndGlobalSection
	GlobalSection(ExtensibilityGlobals) = postSolution
		SolutionGuid = {89719356-2A3D-42C2-89ED-95A903517E68}
	EndGlobalSection
EndGlobal
